{
  "name": "@zekumoru-dev/queue",
  "version": "1.0.0",
  "lockfileVersion": 2,
  "requires": true,
  "packages": {
    "": {
      "name": "@zekumoru-dev/queue",
      "version": "1.0.0",
      "license": "ISC",
      "dependencies": {
        "@zekumoru-dev/linked-list": "^1.1.0"
      }
    },
    "node_modules/@zekumoru-dev/linked-list": {
      "version": "1.1.0",
      "resolved": "https://registry.npmjs.org/@zekumoru-dev/linked-list/-/linked-list-1.1.0.tgz",
      "integrity": "sha512-f2lno9hkCjaWhQFu3ZOWTuAYFBw+16AYCPUn0i7WjY403qflOEa6PGekpkFx+kr0ySTHU8d7Mucj/zttfXLU/A=="
    }
  },
  "dependencies": {
    "@zekumoru-dev/linked-list": {
      "version": "1.1.0",
      "resolved": "https://registry.npmjs.org/@zekumoru-dev/linked-list/-/linked-list-1.1.0.tgz",
      "integrity": "sha512-f2lno9hkCjaWhQFu3ZOWTuAYFBw+16AYCPUn0i7WjY403qflOEa6PGekpkFx+kr0ySTHU8d7Mucj/zttfXLU/A=="
    }
  }
}
